
Microsoft Visual Studio Solution File, Format Version 12.00
# Visual Studio Version 16
VisualStudioVersion = 16.0.31025.194
MinimumVisualStudioVersion = 10.0.40219.1
Project("{FAE04EC0-301F-11D3-BF4B-00C04F79EFBC}") = "XGames.Domain", "XGames.Domain\XGames.Domain.csproj", "{D5B34E52-CA77-4EB4-8503-39ED89663ECE}"
EndProject
Project("{FAE04EC0-301F-11D3-BF4B-00C04F79EFBC}") = "XGame.AppConsole", "XGame.AppConsole\XGame.AppConsole.csproj", "{75BAD063-94FF-4D75-9FC9-673F5ABD9777}"
EndProject
Project("{FAE04EC0-301F-11D3-BF4B-00C04F79EFBC}") = "XGame.Infra", "XGame.Infra\XGame.Infra.csproj", "{26522038-BD85-40F2-84C8-1BC6B0E57E34}"
EndProject
Global
	GlobalSection(SolutionConfigurationPlatforms) = preSolution
		Debug|Any CPU = Debug|Any CPU
		Release|Any CPU = Release|Any CPU
	EndGlobalSection
	GlobalSection(ProjectConfigurationPlatforms) = postSolution
		{D5B34E52-CA77-4EB4-8503-39ED89663ECE}.Debug|Any CPU.ActiveCfg = Debug|Any CPU
		{D5B34E52-CA77-4EB4-8503-39ED89663ECE}.Debug|Any CPU.Build.0 = Debug|Any CPU
		{D5B34E52-CA77-4EB4-8503-39ED89663ECE}.Release|Any CPU.ActiveCfg = Release|Any CPU
		{D5B34E52-CA77-4EB4-8503-39ED89663ECE}.Release|Any CPU.Build.0 = Release|Any CPU
		{75BAD063-94FF-4D75-9FC9-673F5ABD9777}.Debug|Any CPU.ActiveCfg = Debug|Any CPU
		{75BAD063-94FF-4D75-9FC9-673F5ABD9777}.Debug|Any CPU.Build.0 = Debug|Any CPU
		{75BAD063-94FF-4D75-9FC9-673F5ABD9777}.Release|Any CPU.ActiveCfg = Release|Any CPU
		{75BAD063-94FF-4D75-9FC9-673F5ABD9777}.Release|Any CPU.Build.0 = Release|Any CPU
		{26522038-BD85-40F2-84C8-1BC6B0E57E34}.Debug|Any CPU.ActiveCfg = Debug|Any CPU
		{26522038-BD85-40F2-84C8-1BC6B0E57E34}.Debug|Any CPU.Build.0 = Debug|Any CPU
		{26522038-BD85-40F2-84C8-1BC6B0E57E34}.Release|Any CPU.ActiveCfg = Release|Any CPU
		{26522038-BD85-40F2-84C8-1BC6B0E57E34}.Release|Any CPU.Build.0 = Release|Any CPU
	EndGlobalSection
	GlobalSection(SolutionProperties) = preSolution
		HideSolutionNode = FALSE
	EndGlobalSection
	GlobalSection(ExtensibilityGlobals) = postSolution
		SolutionGuid = {10AA29C9-18DA-4D46-8B2B-9C6F85F84065}
	EndGlobalSection
EndGlobal
